// !$*UTF8*$!
{
	archiveVersion = 1;
	classes = {
	};
	objectVersion = 52;
	objects = {

/* Begin PBXBuildFile section */
		E580E25E260B07AA00B175EF /* AppDelegate.swift in Sources */ = {isa = PBXBuildFile; fileRef = E580E25D260B07AA00B175EF /* AppDelegate.swift */; };
		E580E260260B07AA00B175EF /* SceneDelegate.swift in Sources */ = {isa = PBXBuildFile; fileRef = E580E25F260B07AA00B175EF /* SceneDelegate.swift */; };
		E580E262260B07AA00B175EF /* LoginVC.swift in Sources */ = {isa = PBXBuildFile; fileRef = E580E261260B07AA00B175EF /* LoginVC.swift */; };
		E580E265260B07AA00B175EF /* Main.storyboard in Resources */ = {isa = PBXBuildFile; fileRef = E580E263260B07AA00B175EF /* Main.storyboard */; };
		E580E267260B07AC00B175EF /* Assets.xcassets in Resources */ = {isa = PBXBuildFile; fileRef = E580E266260B07AC00B175EF /* Assets.xcassets */; };
		E580E26A260B07AC00B175EF /* LaunchScreen.storyboard in Resources */ = {isa = PBXBuildFile; fileRef = E580E268260B07AC00B175EF /* LaunchScreen.storyboard */; };
		E580E275260B07AC00B175EF /* OtriumTests.swift in Sources */ = {isa = PBXBuildFile; fileRef = E580E274260B07AC00B175EF /* OtriumTests.swift */; };
		E580E280260B07AC00B175EF /* OtriumUITests.swift in Sources */ = {isa = PBXBuildFile; fileRef = E580E27F260B07AC00B175EF /* OtriumUITests.swift */; };
		E580E2A3260B082F00B175EF /* Apollo.swift in Sources */ = {isa = PBXBuildFile; fileRef = E580E2A2260B082F00B175EF /* Apollo.swift */; };
		E580E2A9260B084F00B175EF /* Queries.graphql in Resources */ = {isa = PBXBuildFile; fileRef = E580E2A8260B084F00B175EF /* Queries.graphql */; };
		E580E2AD260B0B4E00B175EF /* schema.json in Resources */ = {isa = PBXBuildFile; fileRef = E580E2AC260B0B4E00B175EF /* schema.json */; };
		E580E2B5260B0D5700B175EF /* Apollo in Frameworks */ = {isa = PBXBuildFile; productRef = E580E2B4260B0D5700B175EF /* Apollo */; };
		E580E2C1260B54D000B175EF /* API.swift in Sources */ = {isa = PBXBuildFile; fileRef = E580E2C0260B54D000B175EF /* API.swift */; };
		E580E2C7260B583800B175EF /* User.swift in Sources */ = {isa = PBXBuildFile; fileRef = E580E2C6260B583800B175EF /* User.swift */; };
		E580E2CC260B5B7400B175EF /* UserService.swift in Sources */ = {isa = PBXBuildFile; fileRef = E580E2CB260B5B7400B175EF /* UserService.swift */; };
		E580E2D0260B5C5D00B175EF /* ApolloRequest.swift in Sources */ = {isa = PBXBuildFile; fileRef = E580E2CF260B5C5D00B175EF /* ApolloRequest.swift */; };
		E580E2E1260B5FF300B175EF /* UserPresenter.swift in Sources */ = {isa = PBXBuildFile; fileRef = E580E2E0260B5FF300B175EF /* UserPresenter.swift */; };
		E580E2F8260B809C00B175EF /* Secret.swift in Sources */ = {isa = PBXBuildFile; fileRef = E580E2F7260B809C00B175EF /* Secret.swift */; };
		E580E303260B974B00B175EF /* Alert.swift in Sources */ = {isa = PBXBuildFile; fileRef = E580E302260B974B00B175EF /* Alert.swift */; };
		E580E307260B978600B175EF /* Constant.swift in Sources */ = {isa = PBXBuildFile; fileRef = E580E306260B978600B175EF /* Constant.swift */; };
		E580E30B260B999F00B175EF /* ProgressView.swift in Sources */ = {isa = PBXBuildFile; fileRef = E580E30A260B999F00B175EF /* ProgressView.swift */; };
		E580E30F260BB92700B175EF /* CacheManager.swift in Sources */ = {isa = PBXBuildFile; fileRef = E580E30E260BB92700B175EF /* CacheManager.swift */; };
		E580E315260BBDBA00B175EF /* UserAllData.swift in Sources */ = {isa = PBXBuildFile; fileRef = E580E314260BBDBA00B175EF /* UserAllData.swift */; };
		E580E319260BC87400B175EF /* ProfileVC.swift in Sources */ = {isa = PBXBuildFile; fileRef = E580E318260BC87400B175EF /* ProfileVC.swift */; };
		E580E31D260BC8AA00B175EF /* ProfilePresenter.swift in Sources */ = {isa = PBXBuildFile; fileRef = E580E31C260BC8AA00B175EF /* ProfilePresenter.swift */; };
		E580E321260BC9E300B175EF /* ProfileService.swift in Sources */ = {isa = PBXBuildFile; fileRef = E580E320260BC9E300B175EF /* ProfileService.swift */; };
		E580E328260BD00700B175EF /* SDWebImage in Frameworks */ = {isa = PBXBuildFile; productRef = E580E327260BD00700B175EF /* SDWebImage */; };
		E580E33A260BDDC400B175EF /* SourceSansPro-Light.ttf in Resources */ = {isa = PBXBuildFile; fileRef = E580E32E260BDDC300B175EF /* SourceSansPro-Light.ttf */; };
		E580E33B260BDDC400B175EF /* SourceSansPro-BoldItalic.ttf in Resources */ = {isa = PBXBuildFile; fileRef = E580E32F260BDDC300B175EF /* SourceSansPro-BoldItalic.ttf */; };
		E580E33C260BDDC400B175EF /* SourceSansPro-BlackItalic.ttf in Resources */ = {isa = PBXBuildFile; fileRef = E580E330260BDDC300B175EF /* SourceSansPro-BlackItalic.ttf */; };
		E580E33D260BDDC400B175EF /* SourceSansPro-Black.ttf in Resources */ = {isa = PBXBuildFile; fileRef = E580E331260BDDC300B175EF /* SourceSansPro-Black.ttf */; };
		E580E33E260BDDC400B175EF /* SourceSansPro-SemiBold.ttf in Resources */ = {isa = PBXBuildFile; fileRef = E580E332260BDDC400B175EF /* SourceSansPro-SemiBold.ttf */; };
		E580E33F260BDDC400B175EF /* SourceSansPro-LightItalic.ttf in Resources */ = {isa = PBXBuildFile; fileRef = E580E333260BDDC400B175EF /* SourceSansPro-LightItalic.ttf */; };
		E580E340260BDDC400B175EF /* SourceSansPro-SemiBoldItalic.ttf in Resources */ = {isa = PBXBuildFile; fileRef = E580E334260BDDC400B175EF /* SourceSansPro-SemiBoldItalic.ttf */; };
		E580E341260BDDC400B175EF /* SourceSansPro-ExtraLight.ttf in Resources */ = {isa = PBXBuildFile; fileRef = E580E335260BDDC400B175EF /* SourceSansPro-ExtraLight.ttf */; };
		E580E342260BDDC400B175EF /* SourceSansPro-Bold.ttf in Resources */ = {isa = PBXBuildFile; fileRef = E580E336260BDDC400B175EF /* SourceSansPro-Bold.ttf */; };
		E580E343260BDDC400B175EF /* SourceSansPro-Regular.ttf in Resources */ = {isa = PBXBuildFile; fileRef = E580E337260BDDC400B175EF /* SourceSansPro-Regular.ttf */; };
		E580E344260BDDC400B175EF /* SourceSansPro-Italic.ttf in Resources */ = {isa = PBXBuildFile; fileRef = E580E338260BDDC400B175EF /* SourceSansPro-Italic.ttf */; };
		E580E345260BDDC400B175EF /* SourceSansPro-ExtraLightItalic.ttf in Resources */ = {isa = PBXBuildFile; fileRef = E580E339260BDDC400B175EF /* SourceSansPro-ExtraLightItalic.ttf */; };
		E580E34A260BE4C500B175EF /* ProfilePinnedItems.swift in Sources */ = {isa = PBXBuildFile; fileRef = E580E349260BE4C500B175EF /* ProfilePinnedItems.swift */; };
		E580E34E260BE51900B175EF /* ProfileTopStarredRepos.swift in Sources */ = {isa = PBXBuildFile; fileRef = E580E34D260BE51900B175EF /* ProfileTopStarredRepos.swift */; };
		E580E358260BE6F700B175EF /* Pinned.swift in Sources */ = {isa = PBXBuildFile; fileRef = E580E356260BE6F700B175EF /* Pinned.swift */; };
		E580E359260BE6F700B175EF /* Pinned.xib in Resources */ = {isa = PBXBuildFile; fileRef = E580E357260BE6F700B175EF /* Pinned.xib */; };
		E580E35F260BF32C00B175EF /* PinnedRepos.swift in Sources */ = {isa = PBXBuildFile; fileRef = E580E35E260BF32C00B175EF /* PinnedRepos.swift */; };
		E580E365260BFE6000B175EF /* UIExtension.swift in Sources */ = {isa = PBXBuildFile; fileRef = E580E364260BFE6000B175EF /* UIExtension.swift */; };
		E580E36A260C02FF00B175EF /* RepoCVC.swift in Sources */ = {isa = PBXBuildFile; fileRef = E580E368260C02FF00B175EF /* RepoCVC.swift */; };
		E580E36B260C02FF00B175EF /* RepoCVC.xib in Resources */ = {isa = PBXBuildFile; fileRef = E580E369260C02FF00B175EF /* RepoCVC.xib */; };
		E580E373260C3B7D00B175EF /* StarredRepos.swift in Sources */ = {isa = PBXBuildFile; fileRef = E580E372260C3B7D00B175EF /* StarredRepos.swift */; };
		E580E377260C422600B175EF /* TopRepos.swift in Sources */ = {isa = PBXBuildFile; fileRef = E580E376260C422500B175EF /* TopRepos.swift */; };
/* End PBXBuildFile section */

/* Begin PBXContainerItemProxy section */
		E580E271260B07AC00B175EF /* PBXContainerItemProxy */ = {
			isa = PBXContainerItemProxy;
			containerPortal = E580E252260B07AA00B175EF /* Project object */;
			proxyType = 1;
			remoteGlobalIDString = E580E259260B07AA00B175EF;
			remoteInfo = Otrium;
		};
		E580E27C260B07AC00B175EF /* PBXContainerItemProxy */ = {
			isa = PBXContainerItemProxy;
			containerPortal = E580E252260B07AA00B175EF /* Project object */;
			proxyType = 1;
			remoteGlobalIDString = E580E259260B07AA00B175EF;
			remoteInfo = Otrium;
		};
/* End PBXContainerItemProxy section */

/* Begin PBXCopyFilesBuildPhase section */
		E580E29E260B07F400B175EF /* Embed Frameworks */ = {
			isa = PBXCopyFilesBuildPhase;
			buildActionMask = 2147483647;
			dstPath = "";
			dstSubfolderSpec = 10;
			files = (
			);
			name = "Embed Frameworks";
			runOnlyForDeploymentPostprocessing = 0;
		};
/* End PBXCopyFilesBuildPhase section */

/* Begin PBXFileReference section */
		E580E25A260B07AA00B175EF /* Otrium.app */ = {isa = PBXFileReference; explicitFileType = wrapper.application; includeInIndex = 0; path = Otrium.app; sourceTree = BUILT_PRODUCTS_DIR; };
		E580E25D260B07AA00B175EF /* AppDelegate.swift */ = {isa = PBXFileReference; lastKnownFileType = sourcecode.swift; path = AppDelegate.swift; sourceTree = "<group>"; };
		E580E25F260B07AA00B175EF /* SceneDelegate.swift */ = {isa = PBXFileReference; lastKnownFileType = sourcecode.swift; path = SceneDelegate.swift; sourceTree = "<group>"; };
		E580E261260B07AA00B175EF /* LoginVC.swift */ = {isa = PBXFileReference; lastKnownFileType = sourcecode.swift; path = LoginVC.swift; sourceTree = "<group>"; };
		E580E264260B07AA00B175EF /* Base */ = {isa = PBXFileReference; lastKnownFileType = file.storyboard; name = Base; path = Base.lproj/Main.storyboard; sourceTree = "<group>"; };
		E580E266260B07AC00B175EF /* Assets.xcassets */ = {isa = PBXFileReference; lastKnownFileType = folder.assetcatalog; path = Assets.xcassets; sourceTree = "<group>"; };
		E580E269260B07AC00B175EF /* Base */ = {isa = PBXFileReference; lastKnownFileType = file.storyboard; name = Base; path = Base.lproj/LaunchScreen.storyboard; sourceTree = "<group>"; };
		E580E26B260B07AC00B175EF /* Info.plist */ = {isa = PBXFileReference; lastKnownFileType = text.plist.xml; path = Info.plist; sourceTree = "<group>"; };
		E580E270260B07AC00B175EF /* OtriumTests.xctest */ = {isa = PBXFileReference; explicitFileType = wrapper.cfbundle; includeInIndex = 0; path = OtriumTests.xctest; sourceTree = BUILT_PRODUCTS_DIR; };
		E580E274260B07AC00B175EF /* OtriumTests.swift */ = {isa = PBXFileReference; lastKnownFileType = sourcecode.swift; path = OtriumTests.swift; sourceTree = "<group>"; };
		E580E276260B07AC00B175EF /* Info.plist */ = {isa = PBXFileReference; lastKnownFileType = text.plist.xml; path = Info.plist; sourceTree = "<group>"; };
		E580E27B260B07AC00B175EF /* OtriumUITests.xctest */ = {isa = PBXFileReference; explicitFileType = wrapper.cfbundle; includeInIndex = 0; path = OtriumUITests.xctest; sourceTree = BUILT_PRODUCTS_DIR; };
		E580E27F260B07AC00B175EF /* OtriumUITests.swift */ = {isa = PBXFileReference; lastKnownFileType = sourcecode.swift; path = OtriumUITests.swift; sourceTree = "<group>"; };
		E580E281260B07AC00B175EF /* Info.plist */ = {isa = PBXFileReference; lastKnownFileType = text.plist.xml; path = Info.plist; sourceTree = "<group>"; };
		E580E2A2260B082F00B175EF /* Apollo.swift */ = {isa = PBXFileReference; lastKnownFileType = sourcecode.swift; path = Apollo.swift; sourceTree = "<group>"; };
		E580E2A8260B084F00B175EF /* Queries.graphql */ = {isa = PBXFileReference; lastKnownFileType = text; path = Queries.graphql; sourceTree = "<group>"; };
		E580E2AC260B0B4E00B175EF /* schema.json */ = {isa = PBXFileReference; fileEncoding = 4; lastKnownFileType = text.json; path = schema.json; sourceTree = "<group>"; };
		E580E2C0260B54D000B175EF /* API.swift */ = {isa = PBXFileReference; fileEncoding = 4; lastKnownFileType = sourcecode.swift; name = API.swift; path = Otrium/API.swift; sourceTree = SOURCE_ROOT; };
		E580E2C6260B583800B175EF /* User.swift */ = {isa = PBXFileReference; lastKnownFileType = sourcecode.swift; path = User.swift; sourceTree = "<group>"; };
		E580E2CB260B5B7400B175EF /* UserService.swift */ = {isa = PBXFileReference; lastKnownFileType = sourcecode.swift; path = UserService.swift; sourceTree = "<group>"; };
		E580E2CF260B5C5D00B175EF /* ApolloRequest.swift */ = {isa = PBXFileReference; lastKnownFileType = sourcecode.swift; path = ApolloRequest.swift; sourceTree = "<group>"; };
		E580E2E0260B5FF300B175EF /* UserPresenter.swift */ = {isa = PBXFileReference; lastKnownFileType = sourcecode.swift; path = UserPresenter.swift; sourceTree = "<group>"; };
		E580E2F7260B809C00B175EF /* Secret.swift */ = {isa = PBXFileReference; lastKnownFileType = sourcecode.swift; path = Secret.swift; sourceTree = "<group>"; };
		E580E302260B974B00B175EF /* Alert.swift */ = {isa = PBXFileReference; lastKnownFileType = sourcecode.swift; path = Alert.swift; sourceTree = "<group>"; };
		E580E306260B978600B175EF /* Constant.swift */ = {isa = PBXFileReference; lastKnownFileType = sourcecode.swift; path = Constant.swift; sourceTree = "<group>"; };
		E580E30A260B999F00B175EF /* ProgressView.swift */ = {isa = PBXFileReference; fileEncoding = 4; lastKnownFileType = sourcecode.swift; path = ProgressView.swift; sourceTree = "<group>"; };
		E580E30E260BB92700B175EF /* CacheManager.swift */ = {isa = PBXFileReference; lastKnownFileType = sourcecode.swift; path = CacheManager.swift; sourceTree = "<group>"; };
		E580E314260BBDBA00B175EF /* UserAllData.swift */ = {isa = PBXFileReference; lastKnownFileType = sourcecode.swift; path = UserAllData.swift; sourceTree = "<group>"; };
		E580E318260BC87400B175EF /* ProfileVC.swift */ = {isa = PBXFileReference; lastKnownFileType = sourcecode.swift; path = ProfileVC.swift; sourceTree = "<group>"; };
		E580E31C260BC8AA00B175EF /* ProfilePresenter.swift */ = {isa = PBXFileReference; lastKnownFileType = sourcecode.swift; path = ProfilePresenter.swift; sourceTree = "<group>"; };
		E580E320260BC9E300B175EF /* ProfileService.swift */ = {isa = PBXFileReference; lastKnownFileType = sourcecode.swift; path = ProfileService.swift; sourceTree = "<group>"; };
		E580E32E260BDDC300B175EF /* SourceSansPro-Light.ttf */ = {isa = PBXFileReference; lastKnownFileType = file; path = "SourceSansPro-Light.ttf"; sourceTree = "<group>"; };
		E580E32F260BDDC300B175EF /* SourceSansPro-BoldItalic.ttf */ = {isa = PBXFileReference; lastKnownFileType = file; path = "SourceSansPro-BoldItalic.ttf"; sourceTree = "<group>"; };
		E580E330260BDDC300B175EF /* SourceSansPro-BlackItalic.ttf */ = {isa = PBXFileReference; lastKnownFileType = file; path = "SourceSansPro-BlackItalic.ttf"; sourceTree = "<group>"; };
		E580E331260BDDC300B175EF /* SourceSansPro-Black.ttf */ = {isa = PBXFileReference; lastKnownFileType = file; path = "SourceSansPro-Black.ttf"; sourceTree = "<group>"; };
		E580E332260BDDC400B175EF /* SourceSansPro-SemiBold.ttf */ = {isa = PBXFileReference; lastKnownFileType = file; path = "SourceSansPro-SemiBold.ttf"; sourceTree = "<group>"; };
		E580E333260BDDC400B175EF /* SourceSansPro-LightItalic.ttf */ = {isa = PBXFileReference; lastKnownFileType = file; path = "SourceSansPro-LightItalic.ttf"; sourceTree = "<group>"; };
		E580E334260BDDC400B175EF /* SourceSansPro-SemiBoldItalic.ttf */ = {isa = PBXFileReference; lastKnownFileType = file; path = "SourceSansPro-SemiBoldItalic.ttf"; sourceTree = "<group>"; };
		E580E335260BDDC400B175EF /* SourceSansPro-ExtraLight.ttf */ = {isa = PBXFileReference; lastKnownFileType = file; path = "SourceSansPro-ExtraLight.ttf"; sourceTree = "<group>"; };
		E580E336260BDDC400B175EF /* SourceSansPro-Bold.ttf */ = {isa = PBXFileReference; lastKnownFileType = file; path = "SourceSansPro-Bold.ttf"; sourceTree = "<group>"; };
		E580E337260BDDC400B175EF /* SourceSansPro-Regular.ttf */ = {isa = PBXFileReference; lastKnownFileType = file; path = "SourceSansPro-Regular.ttf"; sourceTree = "<group>"; };
		E580E338260BDDC400B175EF /* SourceSansPro-Italic.ttf */ = {isa = PBXFileReference; lastKnownFileType = file; path = "SourceSansPro-Italic.ttf"; sourceTree = "<group>"; };
		E580E339260BDDC400B175EF /* SourceSansPro-ExtraLightItalic.ttf */ = {isa = PBXFileReference; lastKnownFileType = file; path = "SourceSansPro-ExtraLightItalic.ttf"; sourceTree = "<group>"; };
		E580E349260BE4C500B175EF /* ProfilePinnedItems.swift */ = {isa = PBXFileReference; lastKnownFileType = sourcecode.swift; path = ProfilePinnedItems.swift; sourceTree = "<group>"; };
		E580E34D260BE51900B175EF /* ProfileTopStarredRepos.swift */ = {isa = PBXFileReference; lastKnownFileType = sourcecode.swift; path = ProfileTopStarredRepos.swift; sourceTree = "<group>"; };
		E580E356260BE6F700B175EF /* Pinned.swift */ = {isa = PBXFileReference; lastKnownFileType = sourcecode.swift; path = Pinned.swift; sourceTree = "<group>"; };
		E580E357260BE6F700B175EF /* Pinned.xib */ = {isa = PBXFileReference; lastKnownFileType = file.xib; path = Pinned.xib; sourceTree = "<group>"; };
		E580E35E260BF32C00B175EF /* PinnedRepos.swift */ = {isa = PBXFileReference; lastKnownFileType = sourcecode.swift; path = PinnedRepos.swift; sourceTree = "<group>"; };
		E580E364260BFE6000B175EF /* UIExtension.swift */ = {isa = PBXFileReference; lastKnownFileType = sourcecode.swift; path = UIExtension.swift; sourceTree = "<group>"; };
		E580E368260C02FF00B175EF /* RepoCVC.swift */ = {isa = PBXFileReference; lastKnownFileType = sourcecode.swift; path = RepoCVC.swift; sourceTree = "<group>"; };
		E580E369260C02FF00B175EF /* RepoCVC.xib */ = {isa = PBXFileReference; lastKnownFileType = file.xib; path = RepoCVC.xib; sourceTree = "<group>"; };
		E580E372260C3B7D00B175EF /* StarredRepos.swift */ = {isa = PBXFileReference; lastKnownFileType = sourcecode.swift; path = StarredRepos.swift; sourceTree = "<group>"; };
		E580E376260C422500B175EF /* TopRepos.swift */ = {isa = PBXFileReference; lastKnownFileType = sourcecode.swift; path = TopRepos.swift; sourceTree = "<group>"; };
/* End PBXFileReference section */

/* Begin PBXFrameworksBuildPhase section */
		E580E257260B07AA00B175EF /* Frameworks */ = {
			isa = PBXFrameworksBuildPhase;
			buildActionMask = 2147483647;
			files = (
				E580E328260BD00700B175EF /* SDWebImage in Frameworks */,
				E580E2B5260B0D5700B175EF /* Apollo in Frameworks */,
			);
			runOnlyForDeploymentPostprocessing = 0;
		};
		E580E26D260B07AC00B175EF /* Frameworks */ = {
			isa = PBXFrameworksBuildPhase;
			buildActionMask = 2147483647;
			files = (
			);
			runOnlyForDeploymentPostprocessing = 0;
		};
		E580E278260B07AC00B175EF /* Frameworks */ = {
			isa = PBXFrameworksBuildPhase;
			buildActionMask = 2147483647;
			files = (
			);
			runOnlyForDeploymentPostprocessing = 0;
		};
/* End PBXFrameworksBuildPhase section */

/* Begin PBXGroup section */
		E580E251260B07AA00B175EF = {
			isa = PBXGroup;
			children = (
				E580E25C260B07AA00B175EF /* Otrium */,
				E580E273260B07AC00B175EF /* OtriumTests */,
				E580E27E260B07AC00B175EF /* OtriumUITests */,
				E580E25B260B07AA00B175EF /* Products */,
			);
			sourceTree = "<group>";
		};
		E580E25B260B07AA00B175EF /* Products */ = {
			isa = PBXGroup;
			children = (
				E580E25A260B07AA00B175EF /* Otrium.app */,
				E580E270260B07AC00B175EF /* OtriumTests.xctest */,
				E580E27B260B07AC00B175EF /* OtriumUITests.xctest */,
			);
			name = Products;
			sourceTree = "<group>";
		};
		E580E25C260B07AA00B175EF /* Otrium */ = {
			isa = PBXGroup;
			children = (
				E580E301260B973400B175EF /* Extensions */,
				E580E2E4260B615000B175EF /* Views */,
				E580E2DF260B5FCF00B175EF /* Presenters */,
				E580E2DA260B5F7700B175EF /* Resources */,
				E580E2D9260B5F6A00B175EF /* Models */,
				E580E2AC260B0B4E00B175EF /* schema.json */,
				E580E2D8260B5F2F00B175EF /* Storyboards */,
				E580E2D7260B5EEF00B175EF /* Application */,
				E580E2CA260B5B4800B175EF /* DataSource */,
				E580E2A1260B080F00B175EF /* GraphQL */,
			);
			path = Otrium;
			sourceTree = "<group>";
		};
		E580E273260B07AC00B175EF /* OtriumTests */ = {
			isa = PBXGroup;
			children = (
				E580E274260B07AC00B175EF /* OtriumTests.swift */,
				E580E276260B07AC00B175EF /* Info.plist */,
			);
			path = OtriumTests;
			sourceTree = "<group>";
		};
		E580E27E260B07AC00B175EF /* OtriumUITests */ = {
			isa = PBXGroup;
			children = (
				E580E27F260B07AC00B175EF /* OtriumUITests.swift */,
				E580E281260B07AC00B175EF /* Info.plist */,
			);
			path = OtriumUITests;
			sourceTree = "<group>";
		};
		E580E2A1260B080F00B175EF /* GraphQL */ = {
			isa = PBXGroup;
			children = (
				E580E2C0260B54D000B175EF /* API.swift */,
				E580E2A2260B082F00B175EF /* Apollo.swift */,
				E580E2A8260B084F00B175EF /* Queries.graphql */,
				E580E2CF260B5C5D00B175EF /* ApolloRequest.swift */,
			);
			path = GraphQL;
			sourceTree = "<group>";
		};
		E580E2CA260B5B4800B175EF /* DataSource */ = {
			isa = PBXGroup;
			children = (
				E580E2CB260B5B7400B175EF /* UserService.swift */,
				E580E320260BC9E300B175EF /* ProfileService.swift */,
			);
			path = DataSource;
			sourceTree = "<group>";
		};
		E580E2D7260B5EEF00B175EF /* Application */ = {
			isa = PBXGroup;
			children = (
				E580E25D260B07AA00B175EF /* AppDelegate.swift */,
				E580E25F260B07AA00B175EF /* SceneDelegate.swift */,
			);
			path = Application;
			sourceTree = "<group>";
		};
		E580E2D8260B5F2F00B175EF /* Storyboards */ = {
			isa = PBXGroup;
			children = (
				E580E355260BE6D300B175EF /* XIB */,
				E580E268260B07AC00B175EF /* LaunchScreen.storyboard */,
				E580E263260B07AA00B175EF /* Main.storyboard */,
			);
			path = Storyboards;
			sourceTree = "<group>";
		};
		E580E2D9260B5F6A00B175EF /* Models */ = {
			isa = PBXGroup;
			children = (
				E580E2C6260B583800B175EF /* User.swift */,
				E580E314260BBDBA00B175EF /* UserAllData.swift */,
				E580E35E260BF32C00B175EF /* PinnedRepos.swift */,
				E580E372260C3B7D00B175EF /* StarredRepos.swift */,
				E580E376260C422500B175EF /* TopRepos.swift */,
			);
			path = Models;
			sourceTree = "<group>";
		};
		E580E2DA260B5F7700B175EF /* Resources */ = {
			isa = PBXGroup;
			children = (
				E580E32D260BDDA900B175EF /* Fonts */,
				E580E26B260B07AC00B175EF /* Info.plist */,
				E580E266260B07AC00B175EF /* Assets.xcassets */,
				E580E2F7260B809C00B175EF /* Secret.swift */,
				E580E306260B978600B175EF /* Constant.swift */,
			);
			path = Resources;
			sourceTree = "<group>";
		};
		E580E2DF260B5FCF00B175EF /* Presenters */ = {
			isa = PBXGroup;
			children = (
				E580E2E0260B5FF300B175EF /* UserPresenter.swift */,
				E580E31C260BC8AA00B175EF /* ProfilePresenter.swift */,
			);
			path = Presenters;
			sourceTree = "<group>";
		};
		E580E2E4260B615000B175EF /* Views */ = {
			isa = PBXGroup;
			children = (
				E580E261260B07AA00B175EF /* LoginVC.swift */,
				E580E318260BC87400B175EF /* ProfileVC.swift */,
			);
			path = Views;
			sourceTree = "<group>";
		};
		E580E301260B973400B175EF /* Extensions */ = {
			isa = PBXGroup;
			children = (
				E580E348260BE4AB00B175EF /* ProfileVC */,
				E580E302260B974B00B175EF /* Alert.swift */,
				E580E30A260B999F00B175EF /* ProgressView.swift */,
				E580E30E260BB92700B175EF /* CacheManager.swift */,
				E580E364260BFE6000B175EF /* UIExtension.swift */,
			);
			path = Extensions;
			sourceTree = "<group>";
		};
		E580E32D260BDDA900B175EF /* Fonts */ = {
			isa = PBXGroup;
			children = (
				E580E331260BDDC300B175EF /* SourceSansPro-Black.ttf */,
				E580E330260BDDC300B175EF /* SourceSansPro-BlackItalic.ttf */,
				E580E336260BDDC400B175EF /* SourceSansPro-Bold.ttf */,
				E580E32F260BDDC300B175EF /* SourceSansPro-BoldItalic.ttf */,
				E580E335260BDDC400B175EF /* SourceSansPro-ExtraLight.ttf */,
				E580E339260BDDC400B175EF /* SourceSansPro-ExtraLightItalic.ttf */,
				E580E338260BDDC400B175EF /* SourceSansPro-Italic.ttf */,
				E580E32E260BDDC300B175EF /* SourceSansPro-Light.ttf */,
				E580E333260BDDC400B175EF /* SourceSansPro-LightItalic.ttf */,
				E580E337260BDDC400B175EF /* SourceSansPro-Regular.ttf */,
				E580E332260BDDC400B175EF /* SourceSansPro-SemiBold.ttf */,
				E580E334260BDDC400B175EF /* SourceSansPro-SemiBoldItalic.ttf */,
			);
			path = Fonts;
			sourceTree = "<group>";
		};
		E580E348260BE4AB00B175EF /* ProfileVC */ = {
			isa = PBXGroup;
			children = (
				E580E349260BE4C500B175EF /* ProfilePinnedItems.swift */,
				E580E34D260BE51900B175EF /* ProfileTopStarredRepos.swift */,
			);
			path = ProfileVC;
			sourceTree = "<group>";
		};
		E580E355260BE6D300B175EF /* XIB */ = {
			isa = PBXGroup;
			children = (
				E580E356260BE6F700B175EF /* Pinned.swift */,
				E580E357260BE6F700B175EF /* Pinned.xib */,
				E580E368260C02FF00B175EF /* RepoCVC.swift */,
				E580E369260C02FF00B175EF /* RepoCVC.xib */,
			);
			path = XIB;
			sourceTree = "<group>";
		};
/* End PBXGroup section */

/* Begin PBXNativeTarget section */
		E580E259260B07AA00B175EF /* Otrium */ = {
			isa = PBXNativeTarget;
			buildConfigurationList = E580E284260B07AC00B175EF /* Build configuration list for PBXNativeTarget "Otrium" */;
			buildPhases = (
				E580E2B0260B0BE000B175EF /* Generate Apollo GraphQL API */,
				E580E256260B07AA00B175EF /* Sources */,
				E580E257260B07AA00B175EF /* Frameworks */,
				E580E258260B07AA00B175EF /* Resources */,
				E580E29E260B07F400B175EF /* Embed Frameworks */,
			);
			buildRules = (
			);
			dependencies = (
			);
			name = Otrium;
			packageProductDependencies = (
				E580E2B4260B0D5700B175EF /* Apollo */,
				E580E327260BD00700B175EF /* SDWebImage */,
			);
			productName = Otrium;
			productReference = E580E25A260B07AA00B175EF /* Otrium.app */;
			productType = "com.apple.product-type.application";
		};
		E580E26F260B07AC00B175EF /* OtriumTests */ = {
			isa = PBXNativeTarget;
			buildConfigurationList = E580E287260B07AC00B175EF /* Build configuration list for PBXNativeTarget "OtriumTests" */;
			buildPhases = (
				E580E26C260B07AC00B175EF /* Sources */,
				E580E26D260B07AC00B175EF /* Frameworks */,
				E580E26E260B07AC00B175EF /* Resources */,
			);
			buildRules = (
			);
			dependencies = (
				E580E272260B07AC00B175EF /* PBXTargetDependency */,
			);
			name = OtriumTests;
			productName = OtriumTests;
			productReference = E580E270260B07AC00B175EF /* OtriumTests.xctest */;
			productType = "com.apple.product-type.bundle.unit-test";
		};
		E580E27A260B07AC00B175EF /* OtriumUITests */ = {
			isa = PBXNativeTarget;
			buildConfigurationList = E580E28A260B07AC00B175EF /* Build configuration list for PBXNativeTarget "OtriumUITests" */;
			buildPhases = (
				E580E277260B07AC00B175EF /* Sources */,
				E580E278260B07AC00B175EF /* Frameworks */,
				E580E279260B07AC00B175EF /* Resources */,
			);
			buildRules = (
			);
			dependencies = (
				E580E27D260B07AC00B175EF /* PBXTargetDependency */,
			);
			name = OtriumUITests;
			productName = OtriumUITests;
			productReference = E580E27B260B07AC00B175EF /* OtriumUITests.xctest */;
			productType = "com.apple.product-type.bundle.ui-testing";
		};
/* End PBXNativeTarget section */

/* Begin PBXProject section */
		E580E252260B07AA00B175EF /* Project object */ = {
			isa = PBXProject;
			attributes = {
				LastSwiftUpdateCheck = 1240;
				LastUpgradeCheck = 1240;
				TargetAttributes = {
					E580E259260B07AA00B175EF = {
						CreatedOnToolsVersion = 12.4;
					};
					E580E26F260B07AC00B175EF = {
						CreatedOnToolsVersion = 12.4;
						TestTargetID = E580E259260B07AA00B175EF;
					};
					E580E27A260B07AC00B175EF = {
						CreatedOnToolsVersion = 12.4;
						TestTargetID = E580E259260B07AA00B175EF;
					};
				};
			};
			buildConfigurationList = E580E255260B07AA00B175EF /* Build configuration list for PBXProject "Otrium" */;
			compatibilityVersion = "Xcode 9.3";
			developmentRegion = en;
			hasScannedForEncodings = 0;
			knownRegions = (
				en,
				Base,
			);
			mainGroup = E580E251260B07AA00B175EF;
			packageReferences = (
				E580E2B3260B0D5700B175EF /* XCRemoteSwiftPackageReference "apollo-ios" */,
				E580E326260BD00700B175EF /* XCRemoteSwiftPackageReference "SDWebImage" */,
			);
			productRefGroup = E580E25B260B07AA00B175EF /* Products */;
			projectDirPath = "";
			projectRoot = "";
			targets = (
				E580E259260B07AA00B175EF /* Otrium */,
				E580E26F260B07AC00B175EF /* OtriumTests */,
				E580E27A260B07AC00B175EF /* OtriumUITests */,
			);
		};
/* End PBXProject section */

/* Begin PBXResourcesBuildPhase section */
		E580E258260B07AA00B175EF /* Resources */ = {
			isa = PBXResourcesBuildPhase;
			buildActionMask = 2147483647;
			files = (
				E580E33C260BDDC400B175EF /* SourceSansPro-BlackItalic.ttf in Resources */,
				E580E33B260BDDC400B175EF /* SourceSansPro-BoldItalic.ttf in Resources */,
				E580E26A260B07AC00B175EF /* LaunchScreen.storyboard in Resources */,
				E580E2AD260B0B4E00B175EF /* schema.json in Resources */,
				E580E267260B07AC00B175EF /* Assets.xcassets in Resources */,
				E580E343260BDDC400B175EF /* SourceSansPro-Regular.ttf in Resources */,
				E580E342260BDDC400B175EF /* SourceSansPro-Bold.ttf in Resources */,
				E580E33A260BDDC400B175EF /* SourceSansPro-Light.ttf in Resources */,
				E580E33F260BDDC400B175EF /* SourceSansPro-LightItalic.ttf in Resources */,
				E580E2A9260B084F00B175EF /* Queries.graphql in Resources */,
				E580E341260BDDC400B175EF /* SourceSansPro-ExtraLight.ttf in Resources */,
				E580E36B260C02FF00B175EF /* RepoCVC.xib in Resources */,
				E580E33E260BDDC400B175EF /* SourceSansPro-SemiBold.ttf in Resources */,
				E580E33D260BDDC400B175EF /* SourceSansPro-Black.ttf in Resources */,
				E580E340260BDDC400B175EF /* SourceSansPro-SemiBoldItalic.ttf in Resources */,
				E580E345260BDDC400B175EF /* SourceSansPro-ExtraLightItalic.ttf in Resources */,
				E580E359260BE6F700B175EF /* Pinned.xib in Resources */,
				E580E344260BDDC400B175EF /* SourceSansPro-Italic.ttf in Resources */,
				E580E265260B07AA00B175EF /* Main.storyboard in Resources */,
			);
			runOnlyForDeploymentPostprocessing = 0;
		};
		E580E26E260B07AC00B175EF /* Resources */ = {
			isa = PBXResourcesBuildPhase;
			buildActionMask = 2147483647;
			files = (
			);
			runOnlyForDeploymentPostprocessing = 0;
		};
		E580E279260B07AC00B175EF /* Resources */ = {
			isa = PBXResourcesBuildPhase;
			buildActionMask = 2147483647;
			files = (
			);
			runOnlyForDeploymentPostprocessing = 0;
		};
/* End PBXResourcesBuildPhase section */

/* Begin PBXShellScriptBuildPhase section */
		E580E2B0260B0BE000B175EF /* Generate Apollo GraphQL API */ = {
			isa = PBXShellScriptBuildPhase;
			buildActionMask = 2147483647;
			files = (
			);
			inputFileListPaths = (
			);
			inputPaths = (
			);
			name = "Generate Apollo GraphQL API";
			outputFileListPaths = (
			);
			outputPaths = (
			);
			runOnlyForDeploymentPostprocessing = 0;
			shellPath = /bin/sh;
			shellScript = "# Go to the build root and search up the chain to find the Derived Data Path where the source packages are checked out.\nDERIVED_DATA_CANDIDATE=\"${BUILD_ROOT}\"\n\nwhile ! [ -d \"${DERIVED_DATA_CANDIDATE}/SourcePackages\" ]; do\n  if [ \"${DERIVED_DATA_CANDIDATE}\" = / ]; then\n    echo >&2 \"error: Unable to locate SourcePackages directory from BUILD_ROOT: '${BUILD_ROOT}'\"\n    exit 1\n  fi\n\n  DERIVED_DATA_CANDIDATE=\"$(dirname \"${DERIVED_DATA_CANDIDATE}\")\"\ndone\n\n# Grab a reference to the directory where scripts are checked out\nSCRIPT_PATH=\"${DERIVED_DATA_CANDIDATE}/SourcePackages/checkouts/apollo-ios/scripts\"\n\nif [ -z \"${SCRIPT_PATH}\" ]; then\n    echo >&2 \"error: Couldn't find the CLI script in your checked out SPM packages; make sure to add the framework to your project.\"\n    exit 1\nfi\n\ncd \"${SRCROOT}/${TARGET_NAME}\"\n\"${SCRIPT_PATH}\"/run-bundled-codegen.sh codegen:generate --target=swift --includes=./**/*.graphql --localSchemaFile=\"schema.json\" API.swift\n";
		};
/* End PBXShellScriptBuildPhase section */

/* Begin PBXSourcesBuildPhase section */
		E580E256260B07AA00B175EF /* Sources */ = {
			isa = PBXSourcesBuildPhase;
			buildActionMask = 2147483647;
			files = (
				E580E2CC260B5B7400B175EF /* UserService.swift in Sources */,
				E580E34E260BE51900B175EF /* ProfileTopStarredRepos.swift in Sources */,
				E580E358260BE6F700B175EF /* Pinned.swift in Sources */,
				E580E2F8260B809C00B175EF /* Secret.swift in Sources */,
				E580E2D0260B5C5D00B175EF /* ApolloRequest.swift in Sources */,
				E580E262260B07AA00B175EF /* LoginVC.swift in Sources */,
				E580E365260BFE6000B175EF /* UIExtension.swift in Sources */,
				E580E319260BC87400B175EF /* ProfileVC.swift in Sources */,
				E580E2E1260B5FF300B175EF /* UserPresenter.swift in Sources */,
				E580E25E260B07AA00B175EF /* AppDelegate.swift in Sources */,
				E580E36A260C02FF00B175EF /* RepoCVC.swift in Sources */,
				E580E35F260BF32C00B175EF /* PinnedRepos.swift in Sources */,
				E580E2C7260B583800B175EF /* User.swift in Sources */,
				E580E2A3260B082F00B175EF /* Apollo.swift in Sources */,
				E580E373260C3B7D00B175EF /* StarredRepos.swift in Sources */,
				E580E303260B974B00B175EF /* Alert.swift in Sources */,
				E580E31D260BC8AA00B175EF /* ProfilePresenter.swift in Sources */,
				E580E377260C422600B175EF /* TopRepos.swift in Sources */,
				E580E321260BC9E300B175EF /* ProfileService.swift in Sources */,
				E580E260260B07AA00B175EF /* SceneDelegate.swift in Sources */,
				E580E315260BBDBA00B175EF /* UserAllData.swift in Sources */,
				E580E2C1260B54D000B175EF /* API.swift in Sources */,
				E580E307260B978600B175EF /* Constant.swift in Sources */,
				E580E30F260BB92700B175EF /* CacheManager.swift in Sources */,
				E580E30B260B999F00B175EF /* ProgressView.swift in Sources */,
				E580E34A260BE4C500B175EF /* ProfilePinnedItems.swift in Sources */,
			);
			runOnlyForDeploymentPostprocessing = 0;
		};
		E580E26C260B07AC00B175EF /* Sources */ = {
			isa = PBXSourcesBuildPhase;
			buildActionMask = 2147483647;
			files = (
				E580E275260B07AC00B175EF /* OtriumTests.swift in Sources */,
			);
			runOnlyForDeploymentPostprocessing = 0;
		};
		E580E277260B07AC00B175EF /* Sources */ = {
			isa = PBXSourcesBuildPhase;
			buildActionMask = 2147483647;
			files = (
				E580E280260B07AC00B175EF /* OtriumUITests.swift in Sources */,
			);
			runOnlyForDeploymentPostprocessing = 0;
		};
/* End PBXSourcesBuildPhase section */

/* Begin PBXTargetDependency section */
		E580E272260B07AC00B175EF /* PBXTargetDependency */ = {
			isa = PBXTargetDependency;
			target = E580E259260B07AA00B175EF /* Otrium */;
			targetProxy = E580E271260B07AC00B175EF /* PBXContainerItemProxy */;
		};
		E580E27D260B07AC00B175EF /* PBXTargetDependency */ = {
			isa = PBXTargetDependency;
			target = E580E259260B07AA00B175EF /* Otrium */;
			targetProxy = E580E27C260B07AC00B175EF /* PBXContainerItemProxy */;
		};
/* End PBXTargetDependency section */

/* Begin PBXVariantGroup section */
		E580E263260B07AA00B175EF /* Main.storyboard */ = {
			isa = PBXVariantGroup;
			children = (
				E580E264260B07AA00B175EF /* Base */,
			);
			name = Main.storyboard;
			sourceTree = "<group>";
		};
		E580E268260B07AC00B175EF /* LaunchScreen.storyboard */ = {
			isa = PBXVariantGroup;
			children = (
				E580E269260B07AC00B175EF /* Base */,
			);
			name = LaunchScreen.storyboard;
			sourceTree = "<group>";
		};
/* End PBXVariantGroup section */

/* Begin XCBuildConfiguration section */
		E580E282260B07AC00B175EF /* Debug */ = {
			isa = XCBuildConfiguration;
			buildSettings = {
				ALWAYS_SEARCH_USER_PATHS = NO;
				CLANG_ANALYZER_NONNULL = YES;
				CLANG_ANALYZER_NUMBER_OBJECT_CONVERSION = YES_AGGRESSIVE;
				CLANG_CXX_LANGUAGE_STANDARD = "gnu++14";
				CLANG_CXX_LIBRARY = "libc++";
				CLANG_ENABLE_MODULES = YES;
				CLANG_ENABLE_OBJC_ARC = YES;
				CLANG_ENABLE_OBJC_WEAK = YES;
				CLANG_WARN_BLOCK_CAPTURE_AUTORELEASING = YES;
				CLANG_WARN_BOOL_CONVERSION = YES;
				CLANG_WARN_COMMA = YES;
				CLANG_WARN_CONSTANT_CONVERSION = YES;
				CLANG_WARN_DEPRECATED_OBJC_IMPLEMENTATIONS = YES;
				CLANG_WARN_DIRECT_OBJC_ISA_USAGE = YES_ERROR;
				CLANG_WARN_DOCUMENTATION_COMMENTS = YES;
				CLANG_WARN_EMPTY_BODY = YES;
				CLANG_WARN_ENUM_CONVERSION = YES;
				CLANG_WARN_INFINITE_RECURSION = YES;
				CLANG_WARN_INT_CONVERSION = YES;
				CLANG_WARN_NON_LITERAL_NULL_CONVERSION = YES;
				CLANG_WARN_OBJC_IMPLICIT_RETAIN_SELF = YES;
				CLANG_WARN_OBJC_LITERAL_CONVERSION = YES;
				CLANG_WARN_OBJC_ROOT_CLASS = YES_ERROR;
				CLANG_WARN_QUOTED_INCLUDE_IN_FRAMEWORK_HEADER = YES;
				CLANG_WARN_RANGE_LOOP_ANALYSIS = YES;
				CLANG_WARN_STRICT_PROTOTYPES = YES;
				CLANG_WARN_SUSPICIOUS_MOVE = YES;
				CLANG_WARN_UNGUARDED_AVAILABILITY = YES_AGGRESSIVE;
				CLANG_WARN_UNREACHABLE_CODE = YES;
				CLANG_WARN__DUPLICATE_METHOD_MATCH = YES;
				COPY_PHASE_STRIP = NO;
				DEBUG_INFORMATION_FORMAT = dwarf;
				ENABLE_STRICT_OBJC_MSGSEND = YES;
				ENABLE_TESTABILITY = YES;
				GCC_C_LANGUAGE_STANDARD = gnu11;
				GCC_DYNAMIC_NO_PIC = NO;
				GCC_NO_COMMON_BLOCKS = YES;
				GCC_OPTIMIZATION_LEVEL = 0;
				GCC_PREPROCESSOR_DEFINITIONS = (
					"DEBUG=1",
					"$(inherited)",
				);
				GCC_WARN_64_TO_32_BIT_CONVERSION = YES;
				GCC_WARN_ABOUT_RETURN_TYPE = YES_ERROR;
				GCC_WARN_UNDECLARED_SELECTOR = YES;
				GCC_WARN_UNINITIALIZED_AUTOS = YES_AGGRESSIVE;
				GCC_WARN_UNUSED_FUNCTION = YES;
				GCC_WARN_UNUSED_VARIABLE = YES;
				IPHONEOS_DEPLOYMENT_TARGET = 14.4;
				MTL_ENABLE_DEBUG_INFO = INCLUDE_SOURCE;
				MTL_FAST_MATH = YES;
				ONLY_ACTIVE_ARCH = YES;
				SDKROOT = iphoneos;
				SWIFT_ACTIVE_COMPILATION_CONDITIONS = DEBUG;
				SWIFT_OPTIMIZATION_LEVEL = "-Onone";
			};
			name = Debug;
		};
		E580E283260B07AC00B175EF /* Release */ = {
			isa = XCBuildConfiguration;
			buildSettings = {
				ALWAYS_SEARCH_USER_PATHS = NO;
				CLANG_ANALYZER_NONNULL = YES;
				CLANG_ANALYZER_NUMBER_OBJECT_CONVERSION = YES_AGGRESSIVE;
				CLANG_CXX_LANGUAGE_STANDARD = "gnu++14";
				CLANG_CXX_LIBRARY = "libc++";
				CLANG_ENABLE_MODULES = YES;
				CLANG_ENABLE_OBJC_ARC = YES;
				CLANG_ENABLE_OBJC_WEAK = YES;
				CLANG_WARN_BLOCK_CAPTURE_AUTORELEASING = YES;
				CLANG_WARN_BOOL_CONVERSION = YES;
				CLANG_WARN_COMMA = YES;
				CLANG_WARN_CONSTANT_CONVERSION = YES;
				CLANG_WARN_DEPRECATED_OBJC_IMPLEMENTATIONS = YES;
				CLANG_WARN_DIRECT_OBJC_ISA_USAGE = YES_ERROR;
				CLANG_WARN_DOCUMENTATION_COMMENTS = YES;
				CLANG_WARN_EMPTY_BODY = YES;
				CLANG_WARN_ENUM_CONVERSION = YES;
				CLANG_WARN_INFINITE_RECURSION = YES;
				CLANG_WARN_INT_CONVERSION = YES;
				CLANG_WARN_NON_LITERAL_NULL_CONVERSION = YES;
				CLANG_WARN_OBJC_IMPLICIT_RETAIN_SELF = YES;
				CLANG_WARN_OBJC_LITERAL_CONVERSION = YES;
				CLANG_WARN_OBJC_ROOT_CLASS = YES_ERROR;
				CLANG_WARN_QUOTED_INCLUDE_IN_FRAMEWORK_HEADER = YES;
				CLANG_WARN_RANGE_LOOP_ANALYSIS = YES;
				CLANG_WARN_STRICT_PROTOTYPES = YES;
				CLANG_WARN_SUSPICIOUS_MOVE = YES;
				CLANG_WARN_UNGUARDED_AVAILABILITY = YES_AGGRESSIVE;
				CLANG_WARN_UNREACHABLE_CODE = YES;
				CLANG_WARN__DUPLICATE_METHOD_MATCH = YES;
				COPY_PHASE_STRIP = NO;
				DEBUG_INFORMATION_FORMAT = "dwarf-with-dsym";
				ENABLE_NS_ASSERTIONS = NO;
				ENABLE_STRICT_OBJC_MSGSEND = YES;
				GCC_C_LANGUAGE_STANDARD = gnu11;
				GCC_NO_COMMON_BLOCKS = YES;
				GCC_WARN_64_TO_32_BIT_CONVERSION = YES;
				GCC_WARN_ABOUT_RETURN_TYPE = YES_ERROR;
				GCC_WARN_UNDECLARED_SELECTOR = YES;
				GCC_WARN_UNINITIALIZED_AUTOS = YES_AGGRESSIVE;
				GCC_WARN_UNUSED_FUNCTION = YES;
				GCC_WARN_UNUSED_VARIABLE = YES;
				IPHONEOS_DEPLOYMENT_TARGET = 14.4;
				MTL_ENABLE_DEBUG_INFO = NO;
				MTL_FAST_MATH = YES;
				SDKROOT = iphoneos;
				SWIFT_COMPILATION_MODE = wholemodule;
				SWIFT_OPTIMIZATION_LEVEL = "-O";
				VALIDATE_PRODUCT = YES;
			};
			name = Release;
		};
		E580E285260B07AC00B175EF /* Debug */ = {
			isa = XCBuildConfiguration;
			buildSettings = {
				ASSETCATALOG_COMPILER_APPICON_NAME = AppIcon;
				ASSETCATALOG_COMPILER_GLOBAL_ACCENT_COLOR_NAME = AccentColor;
				CODE_SIGN_STYLE = Automatic;
				DEVELOPMENT_TEAM = MUS9Q23L4C;
				INFOPLIST_FILE = "$(SRCROOT)/Otrium/Resources/Info.plist";
				LD_RUNPATH_SEARCH_PATHS = (
					"$(inherited)",
					"@executable_path/Frameworks",
				);
				PRODUCT_BUNDLE_IDENTIFIER = com.salitha.Otrium;
				PRODUCT_NAME = "$(TARGET_NAME)";
				SWIFT_VERSION = 5.0;
				TARGETED_DEVICE_FAMILY = "1,2";
			};
			name = Debug;
		};
		E580E286260B07AC00B175EF /* Release */ = {
			isa = XCBuildConfiguration;
			buildSettings = {
				ASSETCATALOG_COMPILER_APPICON_NAME = AppIcon;
				ASSETCATALOG_COMPILER_GLOBAL_ACCENT_COLOR_NAME = AccentColor;
				CODE_SIGN_STYLE = Automatic;
				DEVELOPMENT_TEAM = MUS9Q23L4C;
				INFOPLIST_FILE = "$(SRCROOT)/Otrium/Resources/Info.plist";
				LD_RUNPATH_SEARCH_PATHS = (
					"$(inherited)",
					"@executable_path/Frameworks",
				);
				PRODUCT_BUNDLE_IDENTIFIER = com.salitha.Otrium;
				PRODUCT_NAME = "$(TARGET_NAME)";
				SWIFT_VERSION = 5.0;
				TARGETED_DEVICE_FAMILY = "1,2";
			};
			name = Release;
		};
		E580E288260B07AC00B175EF /* Debug */ = {
			isa = XCBuildConfiguration;
			buildSettings = {
				ALWAYS_EMBED_SWIFT_STANDARD_LIBRARIES = YES;
				BUNDLE_LOADER = "$(TEST_HOST)";
				CODE_SIGN_STYLE = Automatic;
				DEVELOPMENT_TEAM = MUS9Q23L4C;
				INFOPLIST_FILE = OtriumTests/Info.plist;
				IPHONEOS_DEPLOYMENT_TARGET = 14.4;
				LD_RUNPATH_SEARCH_PATHS = (
					"$(inherited)",
					"@executable_path/Frameworks",
					"@loader_path/Frameworks",
				);
				PRODUCT_BUNDLE_IDENTIFIER = com.salitha.OtriumTests;
				PRODUCT_NAME = "$(TARGET_NAME)";
				SWIFT_VERSION = 5.0;
				TARGETED_DEVICE_FAMILY = "1,2";
				TEST_HOST = "$(BUILT_PRODUCTS_DIR)/Otrium.app/Otrium";
			};
			name = Debug;
		};
		E580E289260B07AC00B175EF /* Release */ = {
			isa = XCBuildConfiguration;
			buildSettings = {
				ALWAYS_EMBED_SWIFT_STANDARD_LIBRARIES = YES;
				BUNDLE_LOADER = "$(TEST_HOST)";
				CODE_SIGN_STYLE = Automatic;
				DEVELOPMENT_TEAM = MUS9Q23L4C;
				INFOPLIST_FILE = OtriumTests/Info.plist;
				IPHONEOS_DEPLOYMENT_TARGET = 14.4;
				LD_RUNPATH_SEARCH_PATHS = (
					"$(inherited)",
					"@executable_path/Frameworks",
					"@loader_path/Frameworks",
				);
				PRODUCT_BUNDLE_IDENTIFIER = com.salitha.OtriumTests;
				PRODUCT_NAME = "$(TARGET_NAME)";
				SWIFT_VERSION = 5.0;
				TARGETED_DEVICE_FAMILY = "1,2";
				TEST_HOST = "$(BUILT_PRODUCTS_DIR)/Otrium.app/Otrium";
			};
			name = Release;
		};
		E580E28B260B07AC00B175EF /* Debug */ = {
			isa = XCBuildConfiguration;
			buildSettings = {
				ALWAYS_EMBED_SWIFT_STANDARD_LIBRARIES = YES;
				CODE_SIGN_STYLE = Automatic;
				DEVELOPMENT_TEAM = MUS9Q23L4C;
				INFOPLIST_FILE = OtriumUITests/Info.plist;
				LD_RUNPATH_SEARCH_PATHS = (
					"$(inherited)",
					"@executable_path/Frameworks",
					"@loader_path/Frameworks",
				);
				PRODUCT_BUNDLE_IDENTIFIER = com.salitha.OtriumUITests;
				PRODUCT_NAME = "$(TARGET_NAME)";
				SWIFT_VERSION = 5.0;
				TARGETED_DEVICE_FAMILY = "1,2";
				TEST_TARGET_NAME = Otrium;
			};
			name = Debug;
		};
		E580E28C260B07AC00B175EF /* Release */ = {
			isa = XCBuildConfiguration;
			buildSettings = {
				ALWAYS_EMBED_SWIFT_STANDARD_LIBRARIES = YES;
				CODE_SIGN_STYLE = Automatic;
				DEVELOPMENT_TEAM = MUS9Q23L4C;
				INFOPLIST_FILE = OtriumUITests/Info.plist;
				LD_RUNPATH_SEARCH_PATHS = (
					"$(inherited)",
					"@executable_path/Frameworks",
					"@loader_path/Frameworks",
				);
				PRODUCT_BUNDLE_IDENTIFIER = com.salitha.OtriumUITests;
				PRODUCT_NAME = "$(TARGET_NAME)";
				SWIFT_VERSION = 5.0;
				TARGETED_DEVICE_FAMILY = "1,2";
				TEST_TARGET_NAME = Otrium;
			};
			name = Release;
		};
/* End XCBuildConfiguration section */

/* Begin XCConfigurationList section */
		E580E255260B07AA00B175EF /* Build configuration list for PBXProject "Otrium" */ = {
			isa = XCConfigurationList;
			buildConfigurations = (
				E580E282260B07AC00B175EF /* Debug */,
				E580E283260B07AC00B175EF /* Release */,
			);
			defaultConfigurationIsVisible = 0;
			defaultConfigurationName = Release;
		};
		E580E284260B07AC00B175EF /* Build configuration list for PBXNativeTarget "Otrium" */ = {
			isa = XCConfigurationList;
			buildConfigurations = (
				E580E285260B07AC00B175EF /* Debug */,
				E580E286260B07AC00B175EF /* Release */,
			);
			defaultConfigurationIsVisible = 0;
			defaultConfigurationName = Release;
		};
		E580E287260B07AC00B175EF /* Build configuration list for PBXNativeTarget "OtriumTests" */ = {
			isa = XCConfigurationList;
			buildConfigurations = (
				E580E288260B07AC00B175EF /* Debug */,
				E580E289260B07AC00B175EF /* Release */,
			);
			defaultConfigurationIsVisible = 0;
			defaultConfigurationName = Release;
		};
		E580E28A260B07AC00B175EF /* Build configuration list for PBXNativeTarget "OtriumUITests" */ = {
			isa = XCConfigurationList;
			buildConfigurations = (
				E580E28B260B07AC00B175EF /* Debug */,
				E580E28C260B07AC00B175EF /* Release */,
			);
			defaultConfigurationIsVisible = 0;
			defaultConfigurationName = Release;
		};
/* End XCConfigurationList section */

/* Begin XCRemoteSwiftPackageReference section */
		E580E2B3260B0D5700B175EF /* XCRemoteSwiftPackageReference "apollo-ios" */ = {
			isa = XCRemoteSwiftPackageReference;
			repositoryURL = "https://github.com/apollographql/apollo-ios.git";
			requirement = {
				kind = upToNextMajorVersion;
				minimumVersion = 0.42.0;
			};
		};
		E580E326260BD00700B175EF /* XCRemoteSwiftPackageReference "SDWebImage" */ = {
			isa = XCRemoteSwiftPackageReference;
			repositoryURL = "https://github.com/SDWebImage/SDWebImage";
			requirement = {
				kind = upToNextMajorVersion;
				minimumVersion = 5.10.4;
			};
		};
/* End XCRemoteSwiftPackageReference section */

/* Begin XCSwiftPackageProductDependency section */
		E580E2B4260B0D5700B175EF /* Apollo */ = {
			isa = XCSwiftPackageProductDependency;
			package = E580E2B3260B0D5700B175EF /* XCRemoteSwiftPackageReference "apollo-ios" */;
			productName = Apollo;
		};
		E580E327260BD00700B175EF /* SDWebImage */ = {
			isa = XCSwiftPackageProductDependency;
			package = E580E326260BD00700B175EF /* XCRemoteSwiftPackageReference "SDWebImage" */;
			productName = SDWebImage;
		};
/* End XCSwiftPackageProductDependency section */
	};
	rootObject = E580E252260B07AA00B175EF /* Project object */;
}
